
Microsoft Visual Studio Solution File, Format Version 12.00
# Visual Studio Version 17
VisualStudioVersion = 17.12.35506.116
MinimumVisualStudioVersion = 10.0.40219.1
Project("{FAE04EC0-301F-11D3-BF4B-00C04F79EFBC}") = "Server", "Server\Server.csproj", "{9DC18C4A-2DC7-4E71-8A31-36BB829C04D1}"
EndProject
Project("{FAE04EC0-301F-11D3-BF4B-00C04F79EFBC}") = "Client", "Client\Client.csproj", "{E1B9D60C-EFB3-486D-A9E0-DD5A1F522D3F}"
EndProject
Project("{FAE04EC0-301F-11D3-BF4B-00C04F79EFBC}") = "Shared", "Shared\Shared.csproj", "{535BAC4C-5CCD-45E1-A520-00A438693A74}"
EndProject
Project("{2150E333-8FDC-42A3-9474-1A3956D46DE8}") = "Solution Items", "Solution Items", "{3F385906-E89D-48C6-9085-3A50D11B12E5}"
	ProjectSection(SolutionItems) = preProject
		.editorconfig = .editorconfig
	EndProjectSection
EndProject
Global
	GlobalSection(SolutionConfigurationPlatforms) = preSolution
		Debug|Any CPU = Debug|Any CPU
		Release|Any CPU = Release|Any CPU
	EndGlobalSection
	GlobalSection(ProjectConfigurationPlatforms) = postSolution
		{9DC18C4A-2DC7-4E71-8A31-36BB829C04D1}.Debug|Any CPU.ActiveCfg = Debug|Any CPU
		{9DC18C4A-2DC7-4E71-8A31-36BB829C04D1}.Debug|Any CPU.Build.0 = Debug|Any CPU
		{9DC18C4A-2DC7-4E71-8A31-36BB829C04D1}.Release|Any CPU.ActiveCfg = Release|Any CPU
		{9DC18C4A-2DC7-4E71-8A31-36BB829C04D1}.Release|Any CPU.Build.0 = Release|Any CPU
		{E1B9D60C-EFB3-486D-A9E0-DD5A1F522D3F}.Debug|Any CPU.ActiveCfg = Debug|Any CPU
		{E1B9D60C-EFB3-486D-A9E0-DD5A1F522D3F}.Debug|Any CPU.Build.0 = Debug|Any CPU
		{E1B9D60C-EFB3-486D-A9E0-DD5A1F522D3F}.Release|Any CPU.ActiveCfg = Release|Any CPU
		{E1B9D60C-EFB3-486D-A9E0-DD5A1F522D3F}.Release|Any CPU.Build.0 = Release|Any CPU
		{535BAC4C-5CCD-45E1-A520-00A438693A74}.Debug|Any CPU.ActiveCfg = Debug|Any CPU
		{535BAC4C-5CCD-45E1-A520-00A438693A74}.Debug|Any CPU.Build.0 = Debug|Any CPU
		{535BAC4C-5CCD-45E1-A520-00A438693A74}.Release|Any CPU.ActiveCfg = Release|Any CPU
		{535BAC4C-5CCD-45E1-A520-00A438693A74}.Release|Any CPU.Build.0 = Release|Any CPU
	EndGlobalSection
	GlobalSection(SolutionProperties) = preSolution
		HideSolutionNode = FALSE
	EndGlobalSection
EndGlobal
